<?xml version="1.0" encoding="utf-8"?>
<Project ToolsVersion="4.0" xmlns="http://schemas.microsoft.com/developer/msbuild/2003">
  <ItemGroup>
    <Filter Include="Source Files">
      <UniqueIdentifier>{4FC737F1-C7A5-4376-A066-2A32D752A2FF}</UniqueIdentifier>
      <Extensions>cpp;c;cc;cxx;def;odl;idl;hpj;bat;asm;asmx</Extensions>
    </Filter>
    <Filter Include="Header Files">
      <UniqueIdentifier>{93995380-89BD-4b04-88EB-625FBE52EBFB}</UniqueIdentifier>
      <Extensions>h;hh;hpp;hxx;hm;inl;inc;xsd</Extensions>
    </Filter>
    <Filter Include="Resource Files">
      <UniqueIdentifier>{67DA6AB6-F800-4c08-8B7A-83BB121AAD01}</UniqueIdentifier>
      <Extensions>rc;ico;cur;bmp;dlg;rc2;rct;bin;rgs;gif;jpg;jpeg;jpe;resx;tiff;tif;png;wav;mfcribbon-ms</Extensions>
    </Filter>
    <Filter Include="Header Files\multithreading">
      <UniqueIdentifier>{5cb10f96-5110-47f1-b532-adbb00c4f63d}</UniqueIdentifier>
    </Filter>
    <Filter Include="Source Files\multithreading">
      <UniqueIdentifier>{3dd9c081-4ad4-432e-90c0-a0a090bd1f9e}</UniqueIdentifier>
    </Filter>
    <Filter Include="Header Files\networking">
      <UniqueIdentifier>{d5cad4bb-4719-420f-a1fb-7dcdfc0a89c0}</UniqueIdentifier>
    </Filter>
    <Filter Include="Source Files\networking">
      <UniqueIdentifier>{2397b5d1-5734-40e3-a6e1-c50bbbc35027}</UniqueIdentifier>
    </Filter>
    <Filter Include="Header Files\security">
      <UniqueIdentifier>{921757ba-69ff-47bd-9c56-5f1a25700781}</UniqueIdentifier>
    </Filter>
    <Filter Include="Source Files\security">
      <UniqueIdentifier>{1454d1d4-ef5f-46e1-b6ee-42e1267098f0}</UniqueIdentifier>
    </Filter>
    <Filter Include="Source Files\networking\rtp">
      <UniqueIdentifier>{f7cf7398-555c-4a68-8ffe-d2ee67ffbe74}</UniqueIdentifier>
    </Filter>
    <Filter Include="Header Files\networking\rtp">
      <UniqueIdentifier>{043e58e3-2d5f-451b-acb0-0487c8e78b00}</UniqueIdentifier>
    </Filter>
    <Filter Include="Header Files\parsing">
      <UniqueIdentifier>{2c9b5bdc-63c8-4b96-865c-bde966a5090e}</UniqueIdentifier>
    </Filter>
    <Filter Include="Header Files\parsing\logs">
      <UniqueIdentifier>{3669ba49-80d6-45f9-ae1f-5b6a08cc03d6}</UniqueIdentifier>
    </Filter>
    <Filter Include="Header Files\parsing\logs\osc">
      <UniqueIdentifier>{1dd7afea-262a-479d-a36e-e05f5353e080}</UniqueIdentifier>
    </Filter>
    <Filter Include="Header Files\parsing\logs\visitors">
      <UniqueIdentifier>{4bdabf0f-a482-4e18-81ba-73a746440e11}</UniqueIdentifier>
    </Filter>
    <Filter Include="Header Files\parsing\logs\abstract_syntax_tree">
      <UniqueIdentifier>{67887aa2-9052-457f-b741-8555c5f99952}</UniqueIdentifier>
    </Filter>
    <Filter Include="Source Files\parsing">
      <UniqueIdentifier>{cfb74b38-1d65-4710-b2d5-000211ecee43}</UniqueIdentifier>
    </Filter>
    <Filter Include="Source Files\parsing\logs">
      <UniqueIdentifier>{dc8e4144-e448-4214-a36d-ba2bcef6d4c8}</UniqueIdentifier>
    </Filter>
    <Filter Include="Source Files\parsing\logs\abstract_syntax_tree">
      <UniqueIdentifier>{c5274ce6-e74d-4421-b5e4-1544622d1140}</UniqueIdentifier>
    </Filter>
    <Filter Include="Header Files\filesystem">
      <UniqueIdentifier>{24410375-d110-4ada-9ba2-73806d62b21a}</UniqueIdentifier>
    </Filter>
  </ItemGroup>
  <ItemGroup>
    <ClInclude Include="include\definitions.hpp">
      <Filter>Header Files</Filter>
    </ClInclude>
    <ClInclude Include="include\functions.hpp">
      <Filter>Header Files</Filter>
    </ClInclude>
    <ClInclude Include="include\errors.hpp">
      <Filter>Header Files</Filter>
    </ClInclude>
    <ClInclude Include="include\multithreading\locks.hpp">
      <Filter>Header Files\multithreading</Filter>
    </ClInclude>
    <ClInclude Include="include\multithreading\process.hpp">
      <Filter>Header Files\multithreading</Filter>
    </ClInclude>
    <ClInclude Include="include\networking\connector.hpp">
      <Filter>Header Files\networking</Filter>
    </ClInclude>
    <ClInclude Include="include\security\token.hpp">
      <Filter>Header Files\security</Filter>
    </ClInclude>
    <ClInclude Include="include\networking\rtp.h">
      <Filter>Header Files\networking\rtp</Filter>
    </ClInclude>
    <ClInclude Include="include\networking\rtp\rtp.h">
      <Filter>Header Files\networking\rtp</Filter>
    </ClInclude>
    <ClInclude Include="src\networking\rtp\rtpstream.hpp">
      <Filter>Header Files\networking\rtp</Filter>
    </ClInclude>
    <ClInclude Include="include\parsing\logs\onesipconnector\parser.h">
      <Filter>Header Files\parsing\logs</Filter>
    </ClInclude>
    <ClInclude Include="include\parsing\logs\abstract_syntax_tree\timestamp_token.h">
      <Filter>Header Files\parsing\logs\abstract_syntax_tree</Filter>
    </ClInclude>
    <ClInclude Include="include\parsing\logs\abstract_syntax_tree\expression.h">
      <Filter>Header Files\parsing\logs\abstract_syntax_tree</Filter>
    </ClInclude>
    <ClInclude Include="include\parsing\logs\abstract_syntax_tree\line.h">
      <Filter>Header Files\parsing\logs\abstract_syntax_tree</Filter>
    </ClInclude>
    <ClInclude Include="include\parsing\logs\abstract_syntax_tree\level.h">
      <Filter>Header Files\parsing\logs\abstract_syntax_tree</Filter>
    </ClInclude>
    <ClInclude Include="include\empty_base.hpp">
      <Filter>Header Files</Filter>
    </ClInclude>
    <ClInclude Include="include\filesystem.h">
      <Filter>Header Files\filesystem</Filter>
    </ClInclude>
  </ItemGroup>
  <ItemGroup>
    <ClCompile Include="src\functions.cpp">
      <Filter>Source Files</Filter>
    </ClCompile>
    <ClCompile Include="src\multithreading\process.cpp">
      <Filter>Source Files\multithreading</Filter>
    </ClCompile>
    <ClCompile Include="src\networking\connector.cpp">
      <Filter>Source Files\networking</Filter>
    </ClCompile>
    <ClCompile Include="src\security\token.cpp">
      <Filter>Source Files\security</Filter>
    </ClCompile>
    <ClCompile Include="src\networking\rtp\rtp.cpp">
      <Filter>Source Files\networking\rtp</Filter>
    </ClCompile>
    <ClCompile Include="src\parsing\logs\abstract_syntax_tree\level.cpp">
      <Filter>Source Files\parsing\logs\abstract_syntax_tree</Filter>
    </ClCompile>
    <ClCompile Include="src\filesystem.cpp">
      <Filter>Source Files</Filter>
    </ClCompile>
  </ItemGroup>
</Project>